<?xml version="1.0" encoding="utf-8"?>
<Project ToolsVersion="4.0" xmlns="http://schemas.microsoft.com/developer/msbuild/2003">
  <ItemGroup>
    <Filter Include="Source Files">
      <UniqueIdentifier>{4FC737F1-C7A5-4376-A066-2A32D752A2FF}</UniqueIdentifier>
      <Extensions>cpp;c;cc;cxx;c++;cppm;ixx;def;odl;idl;hpj;bat;asm;asmx</Extensions>
    </Filter>
    <Filter Include="Header Files">
      <UniqueIdentifier>{93995380-89BD-4b04-88EB-625FBE52EBFB}</UniqueIdentifier>
      <Extensions>h;hh;hpp;hxx;h++;hm;inl;inc;ipp;xsd</Extensions>
    </Filter>
    <Filter Include="Resource Files">
      <UniqueIdentifier>{67DA6AB6-F800-4c08-8B7A-83BB121AAD01}</UniqueIdentifier>
      <Extensions>rc;ico;cur;bmp;dlg;rc2;rct;bin;rgs;gif;jpg;jpeg;jpe;resx;tiff;tif;png;wav;mfcribbon-ms</Extensions>
    </Filter>
  </ItemGroup>
  <ItemGroup>
    <ClInclude Include="src\AA+.h">
      <Filter>Header Files</Filter>
    </ClInclude>
    <ClInclude Include="src\AA2DCoordinate.h">
      <Filter>Header Files</Filter>
    </ClInclude>
    <ClInclude Include="src\AA3DCoordinate.h">
      <Filter>Header Files</Filter>
    </ClInclude>
    <ClInclude Include="src\AAAberration.h">
      <Filter>Header Files</Filter>
    </ClInclude>
    <ClInclude Include="src\AAAngularSeparation.h">
      <Filter>Header Files</Filter>
    </ClInclude>
    <ClInclude Include="src\AABinaryStar.h">
      <Filter>Header Files</Filter>
    </ClInclude>
    <ClInclude Include="src\AACoordinateTransformation.h">
      <Filter>Header Files</Filter>
    </ClInclude>
    <ClInclude Include="src\AADate.h">
      <Filter>Header Files</Filter>
    </ClInclude>
    <ClInclude Include="src\AADiameters.h">
      <Filter>Header Files</Filter>
    </ClInclude>
    <ClInclude Include="src\AADynamicalTime.h">
      <Filter>Header Files</Filter>
    </ClInclude>
    <ClInclude Include="src\AAEarth.h">
      <Filter>Header Files</Filter>
    </ClInclude>
    <ClInclude Include="src\AAEaster.h">
      <Filter>Header Files</Filter>
    </ClInclude>
    <ClInclude Include="src\AAEclipses.h">
      <Filter>Header Files</Filter>
    </ClInclude>
    <ClInclude Include="src\AAEclipticalElements.h">
      <Filter>Header Files</Filter>
    </ClInclude>
    <ClInclude Include="src\AAElementsPlanetaryOrbit.h">
      <Filter>Header Files</Filter>
    </ClInclude>
    <ClInclude Include="src\AAElliptical.h">
      <Filter>Header Files</Filter>
    </ClInclude>
    <ClInclude Include="src\AAELP2000.h">
      <Filter>Header Files</Filter>
    </ClInclude>
    <ClInclude Include="src\AAELPMPP02.h">
      <Filter>Header Files</Filter>
    </ClInclude>
    <ClInclude Include="src\AAEquationOfTime.h">
      <Filter>Header Files</Filter>
    </ClInclude>
    <ClInclude Include="src\AAEquinoxesAndSolstices.h">
      <Filter>Header Files</Filter>
    </ClInclude>
    <ClInclude Include="src\AAEquinoxesAndSolstices2.h">
      <Filter>Header Files</Filter>
    </ClInclude>
    <ClInclude Include="src\AAFK5.h">
      <Filter>Header Files</Filter>
    </ClInclude>
    <ClInclude Include="src\AAGalileanMoons.h">
      <Filter>Header Files</Filter>
    </ClInclude>
    <ClInclude Include="src\AAGlobe.h">
      <Filter>Header Files</Filter>
    </ClInclude>
    <ClInclude Include="src\AAIlluminatedFraction.h">
      <Filter>Header Files</Filter>
    </ClInclude>
    <ClInclude Include="src\AAInterpolate.h">
      <Filter>Header Files</Filter>
    </ClInclude>
    <ClInclude Include="src\AAJewishCalendar.h">
      <Filter>Header Files</Filter>
    </ClInclude>
    <ClInclude Include="src\AAJupiter.h">
      <Filter>Header Files</Filter>
    </ClInclude>
    <ClInclude Include="src\AAKepler.h">
      <Filter>Header Files</Filter>
    </ClInclude>
    <ClInclude Include="src\AAMars.h">
      <Filter>Header Files</Filter>
    </ClInclude>
    <ClInclude Include="src\AAMercury.h">
      <Filter>Header Files</Filter>
    </ClInclude>
    <ClInclude Include="src\AAMoon.h">
      <Filter>Header Files</Filter>
    </ClInclude>
    <ClInclude Include="src\AAMoonIlluminatedFraction.h">
      <Filter>Header Files</Filter>
    </ClInclude>
    <ClInclude Include="src\AAMoonMaxDeclinations.h">
      <Filter>Header Files</Filter>
    </ClInclude>
    <ClInclude Include="src\AAMoonMaxDeclinations2.h">
      <Filter>Header Files</Filter>
    </ClInclude>
    <ClInclude Include="src\AAMoonNodes.h">
      <Filter>Header Files</Filter>
    </ClInclude>
    <ClInclude Include="src\AAMoonNodes2.h">
      <Filter>Header Files</Filter>
    </ClInclude>
    <ClInclude Include="src\AAMoonPerigeeApogee.h">
      <Filter>Header Files</Filter>
    </ClInclude>
    <ClInclude Include="src\AAMoonPerigeeApogee2.h">
      <Filter>Header Files</Filter>
    </ClInclude>
    <ClInclude Include="src\AAMoonPhases.h">
      <Filter>Header Files</Filter>
    </ClInclude>
    <ClInclude Include="src\AAMoonPhases2.h">
      <Filter>Header Files</Filter>
    </ClInclude>
    <ClInclude Include="src\AAMoslemCalendar.h">
      <Filter>Header Files</Filter>
    </ClInclude>
    <ClInclude Include="src\AANearParabolic.h">
      <Filter>Header Files</Filter>
    </ClInclude>
    <ClInclude Include="src\AANeptune.h">
      <Filter>Header Files</Filter>
    </ClInclude>
    <ClInclude Include="src\AANodes.h">
      <Filter>Header Files</Filter>
    </ClInclude>
    <ClInclude Include="src\AANutation.h">
      <Filter>Header Files</Filter>
    </ClInclude>
    <ClInclude Include="src\AAParabolic.h">
      <Filter>Header Files</Filter>
    </ClInclude>
    <ClInclude Include="src\AAParallactic.h">
      <Filter>Header Files</Filter>
    </ClInclude>
    <ClInclude Include="src\AAParallax.h">
      <Filter>Header Files</Filter>
    </ClInclude>
    <ClInclude Include="src\AAPhysicalJupiter.h">
      <Filter>Header Files</Filter>
    </ClInclude>
    <ClInclude Include="src\AAPhysicalMars.h">
      <Filter>Header Files</Filter>
    </ClInclude>
    <ClInclude Include="src\AAPhysicalMoon.h">
      <Filter>Header Files</Filter>
    </ClInclude>
    <ClInclude Include="src\AAPhysicalSun.h">
      <Filter>Header Files</Filter>
    </ClInclude>
    <ClInclude Include="src\AAPlanetaryPhenomena.h">
      <Filter>Header Files</Filter>
    </ClInclude>
    <ClInclude Include="src\AAPlanetaryPhenomena2.h">
      <Filter>Header Files</Filter>
    </ClInclude>
    <ClInclude Include="src\AAPlanetPerihelionAphelion.h">
      <Filter>Header Files</Filter>
    </ClInclude>
    <ClInclude Include="src\AAPlanetPerihelionAphelion2.h">
      <Filter>Header Files</Filter>
    </ClInclude>
    <ClInclude Include="src\AAPluto.h">
      <Filter>Header Files</Filter>
    </ClInclude>
    <ClInclude Include="src\AAPrecession.h">
      <Filter>Header Files</Filter>
    </ClInclude>
    <ClInclude Include="src\AARefraction.h">
      <Filter>Header Files</Filter>
    </ClInclude>
    <ClInclude Include="src\AARiseTransitSet.h">
      <Filter>Header Files</Filter>
    </ClInclude>
    <ClInclude Include="src\AARiseTransitSet2.h">
      <Filter>Header Files</Filter>
    </ClInclude>
    <ClInclude Include="src\AASaturn.h">
      <Filter>Header Files</Filter>
    </ClInclude>
    <ClInclude Include="src\AASaturnMoons.h">
      <Filter>Header Files</Filter>
    </ClInclude>
    <ClInclude Include="src\AASaturnRings.h">
      <Filter>Header Files</Filter>
    </ClInclude>
    <ClInclude Include="src\AASidereal.h">
      <Filter>Header Files</Filter>
    </ClInclude>
    <ClInclude Include="src\AAStellarMagnitudes.h">
      <Filter>Header Files</Filter>
    </ClInclude>
    <ClInclude Include="src\AASun.h">
      <Filter>Header Files</Filter>
    </ClInclude>
    <ClInclude Include="src\AAUranus.h">
      <Filter>Header Files</Filter>
    </ClInclude>
    <ClInclude Include="src\AAVenus.h">
      <Filter>Header Files</Filter>
    </ClInclude>
    <ClInclude Include="src\AAVSOP87.h">
      <Filter>Header Files</Filter>
    </ClInclude>
    <ClInclude Include="src\AAVSOP87_EMB.h">
      <Filter>Header Files</Filter>
    </ClInclude>
    <ClInclude Include="src\AAVSOP87_JUP.h">
      <Filter>Header Files</Filter>
    </ClInclude>
    <ClInclude Include="src\AAVSOP87_MAR.h">
      <Filter>Header Files</Filter>
    </ClInclude>
    <ClInclude Include="src\AAVSOP87_MER.h">
      <Filter>Header Files</Filter>
    </ClInclude>
    <ClInclude Include="src\AAVSOP87_NEP.h">
      <Filter>Header Files</Filter>
    </ClInclude>
    <ClInclude Include="src\AAVSOP87_SAT.h">
      <Filter>Header Files</Filter>
    </ClInclude>
    <ClInclude Include="src\AAVSOP87_URA.h">
      <Filter>Header Files</Filter>
    </ClInclude>
    <ClInclude Include="src\AAVSOP87_VEN.h">
      <Filter>Header Files</Filter>
    </ClInclude>
    <ClInclude Include="src\AAVSOP87A_EAR.h">
      <Filter>Header Files</Filter>
    </ClInclude>
    <ClInclude Include="src\AAVSOP87A_EMB.h">
      <Filter>Header Files</Filter>
    </ClInclude>
    <ClInclude Include="src\AAVSOP87A_JUP.h">
      <Filter>Header Files</Filter>
    </ClInclude>
    <ClInclude Include="src\AAVSOP87A_MAR.h">
      <Filter>Header Files</Filter>
    </ClInclude>
    <ClInclude Include="src\AAVSOP87A_MER.h">
      <Filter>Header Files</Filter>
    </ClInclude>
    <ClInclude Include="src\AAVSOP87A_NEP.h">
      <Filter>Header Files</Filter>
    </ClInclude>
    <ClInclude Include="src\AAVSOP87A_SAT.h">
      <Filter>Header Files</Filter>
    </ClInclude>
    <ClInclude Include="src\AAVSOP87A_URA.h">
      <Filter>Header Files</Filter>
    </ClInclude>
    <ClInclude Include="src\AAVSOP87A_VEN.h">
      <Filter>Header Files</Filter>
    </ClInclude>
    <ClInclude Include="src\AAVSOP87B_EAR.h">
      <Filter>Header Files</Filter>
    </ClInclude>
    <ClInclude Include="src\AAVSOP87B_JUP.h">
      <Filter>Header Files</Filter>
    </ClInclude>
    <ClInclude Include="src\AAVSOP87B_MAR.h">
      <Filter>Header Files</Filter>
    </ClInclude>
    <ClInclude Include="src\AAVSOP87B_MER.h">
      <Filter>Header Files</Filter>
    </ClInclude>
    <ClInclude Include="src\AAVSOP87B_NEP.h">
      <Filter>Header Files</Filter>
    </ClInclude>
    <ClInclude Include="src\AAVSOP87B_SAT.h">
      <Filter>Header Files</Filter>
    </ClInclude>
    <ClInclude Include="src\AAVSOP87B_URA.h">
      <Filter>Header Files</Filter>
    </ClInclude>
    <ClInclude Include="src\AAVSOP87B_VEN.h">
      <Filter>Header Files</Filter>
    </ClInclude>
    <ClInclude Include="src\AAVSOP87C_EAR.h">
      <Filter>Header Files</Filter>
    </ClInclude>
    <ClInclude Include="src\AAVSOP87C_JUP.h">
      <Filter>Header Files</Filter>
    </ClInclude>
    <ClInclude Include="src\AAVSOP87C_MAR.h">
      <Filter>Header Files</Filter>
    </ClInclude>
    <ClInclude Include="src\AAVSOP87C_MER.h">
      <Filter>Header Files</Filter>
    </ClInclude>
    <ClInclude Include="src\AAVSOP87C_NEP.h">
      <Filter>Header Files</Filter>
    </ClInclude>
    <ClInclude Include="src\AAVSOP87C_SAT.h">
      <Filter>Header Files</Filter>
    </ClInclude>
    <ClInclude Include="src\AAVSOP87C_URA.h">
      <Filter>Header Files</Filter>
    </ClInclude>
    <ClInclude Include="src\AAVSOP87C_VEN.h">
      <Filter>Header Files</Filter>
    </ClInclude>
    <ClInclude Include="src\AAVSOP87D_EAR.h">
      <Filter>Header Files</Filter>
    </ClInclude>
    <ClInclude Include="src\AAVSOP87D_JUP.h">
      <Filter>Header Files</Filter>
    </ClInclude>
    <ClInclude Include="src\AAVSOP87D_MAR.h">
      <Filter>Header Files</Filter>
    </ClInclude>
    <ClInclude Include="src\AAVSOP87D_MER.h">
      <Filter>Header Files</Filter>
    </ClInclude>
    <ClInclude Include="src\AAVSOP87D_NEP.h">
      <Filter>Header Files</Filter>
    </ClInclude>
    <ClInclude Include="src\AAVSOP87D_SAT.h">
      <Filter>Header Files</Filter>
    </ClInclude>
    <ClInclude Include="src\AAVSOP87D_URA.h">
      <Filter>Header Files</Filter>
    </ClInclude>
    <ClInclude Include="src\AAVSOP87D_VEN.h">
      <Filter>Header Files</Filter>
    </ClInclude>
    <ClInclude Include="src\AAVSOP87E_EAR.h">
      <Filter>Header Files</Filter>
    </ClInclude>
    <ClInclude Include="src\AAVSOP87E_JUP.h">
      <Filter>Header Files</Filter>
    </ClInclude>
    <ClInclude Include="src\AAVSOP87E_MAR.h">
      <Filter>Header Files</Filter>
    </ClInclude>
    <ClInclude Include="src\AAVSOP87E_MER.h">
      <Filter>Header Files</Filter>
    </ClInclude>
    <ClInclude Include="src\AAVSOP87E_NEP.h">
      <Filter>Header Files</Filter>
    </ClInclude>
    <ClInclude Include="src\AAVSOP87E_SAT.h">
      <Filter>Header Files</Filter>
    </ClInclude>
    <ClInclude Include="src\AAVSOP87E_SUN.h">
      <Filter>Header Files</Filter>
    </ClInclude>
    <ClInclude Include="src\AAVSOP87E_URA.h">
      <Filter>Header Files</Filter>
    </ClInclude>
    <ClInclude Include="src\AAVSOP87E_VEN.h">
      <Filter>Header Files</Filter>
    </ClInclude>
    <ClInclude Include="src\AAVSOP2013.h">
      <Filter>Header Files</Filter>
    </ClInclude>
    <ClInclude Include="src\AADefines.h">
      <Filter>Header Files</Filter>
    </ClInclude>
    <ClInclude Include="src\CWrapper.h">
      <Filter>Header Files</Filter>
    </ClInclude>
  </ItemGroup>
  <ItemGroup>
    <ClCompile Include="src\AA+.cpp">
      <Filter>Source Files</Filter>
    </ClCompile>
    <ClCompile Include="src\AAAberration.cpp">
      <Filter>Source Files</Filter>
    </ClCompile>
    <ClCompile Include="src\AAAngularSeparation.cpp">
      <Filter>Source Files</Filter>
    </ClCompile>
    <ClCompile Include="src\AABinaryStar.cpp">
      <Filter>Source Files</Filter>
    </ClCompile>
    <ClCompile Include="src\AACoordinateTransformation.cpp">
      <Filter>Source Files</Filter>
    </ClCompile>
    <ClCompile Include="src\AADate.cpp">
      <Filter>Source Files</Filter>
    </ClCompile>
    <ClCompile Include="src\AADiameters.cpp">
      <Filter>Source Files</Filter>
    </ClCompile>
    <ClCompile Include="src\AADynamicalTime.cpp">
      <Filter>Source Files</Filter>
    </ClCompile>
    <ClCompile Include="src\AAEarth.cpp">
      <Filter>Source Files</Filter>
    </ClCompile>
    <ClCompile Include="src\AAEclipses.cpp">
      <Filter>Source Files</Filter>
    </ClCompile>
    <ClCompile Include="src\AAEclipticalElements.cpp">
      <Filter>Source Files</Filter>
    </ClCompile>
    <ClCompile Include="src\AAElementsPlanetaryOrbit.cpp">
      <Filter>Source Files</Filter>
    </ClCompile>
    <ClCompile Include="src\AAElliptical.cpp">
      <Filter>Source Files</Filter>
    </ClCompile>
    <ClCompile Include="src\AAELP2000.cpp">
      <Filter>Source Files</Filter>
    </ClCompile>
    <ClCompile Include="src\AAELPMPP02.cpp">
      <Filter>Source Files</Filter>
    </ClCompile>
    <ClCompile Include="src\AAEquationOfTime.cpp">
      <Filter>Source Files</Filter>
    </ClCompile>
    <ClCompile Include="src\AAEquinoxesAndSolstices.cpp">
      <Filter>Source Files</Filter>
    </ClCompile>
    <ClCompile Include="src\AAEquinoxesAndSolstices2.cpp">
      <Filter>Source Files</Filter>
    </ClCompile>
    <ClCompile Include="src\AAFK5.cpp">
      <Filter>Source Files</Filter>
    </ClCompile>
    <ClCompile Include="src\AAGalileanMoons.cpp">
      <Filter>Source Files</Filter>
    </ClCompile>
    <ClCompile Include="src\AAGlobe.cpp">
      <Filter>Source Files</Filter>
    </ClCompile>
    <ClCompile Include="src\AAIlluminatedFraction.cpp">
      <Filter>Source Files</Filter>
    </ClCompile>
    <ClCompile Include="src\AAInterpolate.cpp">
      <Filter>Source Files</Filter>
    </ClCompile>
    <ClCompile Include="src\AAJewishCalendar.cpp">
      <Filter>Source Files</Filter>
    </ClCompile>
    <ClCompile Include="src\AAJupiter.cpp">
      <Filter>Source Files</Filter>
    </ClCompile>
    <ClCompile Include="src\AAKepler.cpp">
      <Filter>Source Files</Filter>
    </ClCompile>
    <ClCompile Include="src\AAMars.cpp">
      <Filter>Source Files</Filter>
    </ClCompile>
    <ClCompile Include="src\AAMercury.cpp">
      <Filter>Source Files</Filter>
    </ClCompile>
    <ClCompile Include="src\AAMoon.cpp">
      <Filter>Source Files</Filter>
    </ClCompile>
    <ClCompile Include="src\AAMoonIlluminatedFraction.cpp">
      <Filter>Source Files</Filter>
    </ClCompile>
    <ClCompile Include="src\AAMoonMaxDeclinations.cpp">
      <Filter>Source Files</Filter>
    </ClCompile>
    <ClCompile Include="src\AAMoonMaxDeclinations2.cpp">
      <Filter>Source Files</Filter>
    </ClCompile>
    <ClCompile Include="src\AAMoonNodes.cpp">
      <Filter>Source Files</Filter>
    </ClCompile>
    <ClCompile Include="src\AAMoonNodes2.cpp">
      <Filter>Source Files</Filter>
    </ClCompile>
    <ClCompile Include="src\AAMoonPerigeeApogee.cpp">
      <Filter>Source Files</Filter>
    </ClCompile>
    <ClCompile Include="src\AAMoonPerigeeApogee2.cpp">
      <Filter>Source Files</Filter>
    </ClCompile>
    <ClCompile Include="src\AAMoonPhases.cpp">
      <Filter>Source Files</Filter>
    </ClCompile>
    <ClCompile Include="src\AAMoonPhases2.cpp">
      <Filter>Source Files</Filter>
    </ClCompile>
    <ClCompile Include="src\AAMoslemCalendar.cpp">
      <Filter>Source Files</Filter>
    </ClCompile>
    <ClCompile Include="src\AANearParabolic.cpp">
      <Filter>Source Files</Filter>
    </ClCompile>
    <ClCompile Include="src\AANeptune.cpp">
      <Filter>Source Files</Filter>
    </ClCompile>
    <ClCompile Include="src\AANodes.cpp">
      <Filter>Source Files</Filter>
    </ClCompile>
    <ClCompile Include="src\AANutation.cpp">
      <Filter>Source Files</Filter>
    </ClCompile>
    <ClCompile Include="src\AAParabolic.cpp">
      <Filter>Source Files</Filter>
    </ClCompile>
    <ClCompile Include="src\AAParallactic.cpp">
      <Filter>Source Files</Filter>
    </ClCompile>
    <ClCompile Include="src\AAParallax.cpp">
      <Filter>Source Files</Filter>
    </ClCompile>
    <ClCompile Include="src\AAPhysicalJupiter.cpp">
      <Filter>Source Files</Filter>
    </ClCompile>
    <ClCompile Include="src\AAPhysicalMars.cpp">
      <Filter>Source Files</Filter>
    </ClCompile>
    <ClCompile Include="src\AAPhysicalMoon.cpp">
      <Filter>Source Files</Filter>
    </ClCompile>
    <ClCompile Include="src\AAPhysicalSun.cpp">
      <Filter>Source Files</Filter>
    </ClCompile>
    <ClCompile Include="src\AAPlanetaryPhenomena.cpp">
      <Filter>Source Files</Filter>
    </ClCompile>
    <ClCompile Include="src\AAPlanetaryPhenomena2.cpp">
      <Filter>Source Files</Filter>
    </ClCompile>
    <ClCompile Include="src\AAPlanetPerihelionAphelion.cpp">
      <Filter>Source Files</Filter>
    </ClCompile>
    <ClCompile Include="src\AAPlanetPerihelionAphelion2.cpp">
      <Filter>Source Files</Filter>
    </ClCompile>
    <ClCompile Include="src\AAPluto.cpp">
      <Filter>Source Files</Filter>
    </ClCompile>
    <ClCompile Include="src\AAPrecession.cpp">
      <Filter>Source Files</Filter>
    </ClCompile>
    <ClCompile Include="src\AARefraction.cpp">
      <Filter>Source Files</Filter>
    </ClCompile>
    <ClCompile Include="src\AARiseTransitSet.cpp">
      <Filter>Source Files</Filter>
    </ClCompile>
    <ClCompile Include="src\AARiseTransitSet2.cpp">
      <Filter>Source Files</Filter>
    </ClCompile>
    <ClCompile Include="src\AASaturn.cpp">
      <Filter>Source Files</Filter>
    </ClCompile>
    <ClCompile Include="src\AASaturnMoons.cpp">
      <Filter>Source Files</Filter>
    </ClCompile>
    <ClCompile Include="src\AASaturnRings.cpp">
      <Filter>Source Files</Filter>
    </ClCompile>
    <ClCompile Include="src\AASidereal.cpp">
      <Filter>Source Files</Filter>
    </ClCompile>
    <ClCompile Include="src\AAStellarMagnitudes.cpp">
      <Filter>Source Files</Filter>
    </ClCompile>
    <ClCompile Include="src\AASun.cpp">
      <Filter>Source Files</Filter>
    </ClCompile>
    <ClCompile Include="src\AAUranus.cpp">
      <Filter>Source Files</Filter>
    </ClCompile>
    <ClCompile Include="src\AAVenus.cpp">
      <Filter>Source Files</Filter>
    </ClCompile>
    <ClCompile Include="src\AAVSOP87.cpp">
      <Filter>Source Files</Filter>
    </ClCompile>
    <ClCompile Include="src\AAVSOP87_EMB.cpp">
      <Filter>Source Files</Filter>
    </ClCompile>
    <ClCompile Include="src\AAVSOP87_JUP.cpp">
      <Filter>Source Files</Filter>
    </ClCompile>
    <ClCompile Include="src\AAVSOP87_MAR.cpp">
      <Filter>Source Files</Filter>
    </ClCompile>
    <ClCompile Include="src\AAVSOP87_MER.cpp">
      <Filter>Source Files</Filter>
    </ClCompile>
    <ClCompile Include="src\AAVSOP87_NEP.cpp">
      <Filter>Source Files</Filter>
    </ClCompile>
    <ClCompile Include="src\AAVSOP87_SAT.cpp">
      <Filter>Source Files</Filter>
    </ClCompile>
    <ClCompile Include="src\AAVSOP87_URA.cpp">
      <Filter>Source Files</Filter>
    </ClCompile>
    <ClCompile Include="src\AAVSOP87_VEN.cpp">
      <Filter>Source Files</Filter>
    </ClCompile>
    <ClCompile Include="src\AAVSOP87A_EAR.cpp">
      <Filter>Source Files</Filter>
    </ClCompile>
    <ClCompile Include="src\AAVSOP87A_EMB.cpp">
      <Filter>Source Files</Filter>
    </ClCompile>
    <ClCompile Include="src\AAVSOP87A_JUP.cpp">
      <Filter>Source Files</Filter>
    </ClCompile>
    <ClCompile Include="src\AAVSOP87A_MAR.cpp">
      <Filter>Source Files</Filter>
    </ClCompile>
    <ClCompile Include="src\AAVSOP87A_MER.cpp">
      <Filter>Source Files</Filter>
    </ClCompile>
    <ClCompile Include="src\AAVSOP87A_NEP.cpp">
      <Filter>Source Files</Filter>
    </ClCompile>
    <ClCompile Include="src\AAVSOP87A_SAT.cpp">
      <Filter>Source Files</Filter>
    </ClCompile>
    <ClCompile Include="src\AAVSOP87A_URA.cpp">
      <Filter>Source Files</Filter>
    </ClCompile>
    <ClCompile Include="src\AAVSOP87A_VEN.cpp">
      <Filter>Source Files</Filter>
    </ClCompile>
    <ClCompile Include="src\AAVSOP87B_EAR.cpp">
      <Filter>Source Files</Filter>
    </ClCompile>
    <ClCompile Include="src\AAVSOP87B_JUP.cpp">
      <Filter>Source Files</Filter>
    </ClCompile>
    <ClCompile Include="src\AAVSOP87B_MAR.cpp">
      <Filter>Source Files</Filter>
    </ClCompile>
    <ClCompile Include="src\AAVSOP87B_MER.cpp">
      <Filter>Source Files</Filter>
    </ClCompile>
    <ClCompile Include="src\AAVSOP87B_NEP.cpp">
      <Filter>Source Files</Filter>
    </ClCompile>
    <ClCompile Include="src\AAVSOP87B_SAT.cpp">
      <Filter>Source Files</Filter>
    </ClCompile>
    <ClCompile Include="src\AAVSOP87B_URA.cpp">
      <Filter>Source Files</Filter>
    </ClCompile>
    <ClCompile Include="src\AAVSOP87B_VEN.cpp">
      <Filter>Source Files</Filter>
    </ClCompile>
    <ClCompile Include="src\AAVSOP87C_EAR.cpp">
      <Filter>Source Files</Filter>
    </ClCompile>
    <ClCompile Include="src\AAVSOP87C_JUP.cpp">
      <Filter>Source Files</Filter>
    </ClCompile>
    <ClCompile Include="src\AAVSOP87C_MAR.cpp">
      <Filter>Source Files</Filter>
    </ClCompile>
    <ClCompile Include="src\AAVSOP87C_MER.cpp">
      <Filter>Source Files</Filter>
    </ClCompile>
    <ClCompile Include="src\AAVSOP87C_NEP.cpp">
      <Filter>Source Files</Filter>
    </ClCompile>
    <ClCompile Include="src\AAVSOP87C_SAT.cpp">
      <Filter>Source Files</Filter>
    </ClCompile>
    <ClCompile Include="src\AAVSOP87C_URA.cpp">
      <Filter>Source Files</Filter>
    </ClCompile>
    <ClCompile Include="src\AAVSOP87C_VEN.cpp">
      <Filter>Source Files</Filter>
    </ClCompile>
    <ClCompile Include="src\AAVSOP87D_EAR.cpp">
      <Filter>Source Files</Filter>
    </ClCompile>
    <ClCompile Include="src\AAVSOP87D_JUP.cpp">
      <Filter>Source Files</Filter>
    </ClCompile>
    <ClCompile Include="src\AAVSOP87D_MAR.cpp">
      <Filter>Source Files</Filter>
    </ClCompile>
    <ClCompile Include="src\AAVSOP87D_MER.cpp">
      <Filter>Source Files</Filter>
    </ClCompile>
    <ClCompile Include="src\AAVSOP87D_NEP.cpp">
      <Filter>Source Files</Filter>
    </ClCompile>
    <ClCompile Include="src\AAVSOP87D_SAT.cpp">
      <Filter>Source Files</Filter>
    </ClCompile>
    <ClCompile Include="src\AAVSOP87D_URA.cpp">
      <Filter>Source Files</Filter>
    </ClCompile>
    <ClCompile Include="src\AAVSOP87D_VEN.cpp">
      <Filter>Source Files</Filter>
    </ClCompile>
    <ClCompile Include="src\AAVSOP87E_EAR.cpp">
      <Filter>Source Files</Filter>
    </ClCompile>
    <ClCompile Include="src\AAVSOP87E_JUP.cpp">
      <Filter>Source Files</Filter>
    </ClCompile>
    <ClCompile Include="src\AAVSOP87E_MAR.cpp">
      <Filter>Source Files</Filter>
    </ClCompile>
    <ClCompile Include="src\AAVSOP87E_MER.cpp">
      <Filter>Source Files</Filter>
    </ClCompile>
    <ClCompile Include="src\AAVSOP87E_NEP.cpp">
      <Filter>Source Files</Filter>
    </ClCompile>
    <ClCompile Include="src\AAVSOP87E_SAT.cpp">
      <Filter>Source Files</Filter>
    </ClCompile>
    <ClCompile Include="src\AAVSOP87E_SUN.cpp">
      <Filter>Source Files</Filter>
    </ClCompile>
    <ClCompile Include="src\AAVSOP87E_URA.cpp">
      <Filter>Source Files</Filter>
    </ClCompile>
    <ClCompile Include="src\AAVSOP87E_VEN.cpp">
      <Filter>Source Files</Filter>
    </ClCompile>
    <ClCompile Include="src\AAVSOP2013.cpp">
      <Filter>Source Files</Filter>
    </ClCompile>
    <ClCompile Include="src\stdafx.cpp">
      <Filter>Source Files</Filter>
    </ClCompile>
  </ItemGroup>
</Project>